// !$*UTF8*$!
{
	archiveVersion = 1;
	classes = {
	};
	objectVersion = 46;
	objects = {

/* Begin PBXBuildFile section */
		3A29C3F91A43479500A99F8F /* main.m in Sources */ = {isa = PBXBuildFile; fileRef = 3A29C3F81A43479500A99F8F /* main.m */; };
		3A29C3FC1A43479500A99F8F /* AppDelegate.m in Sources */ = {isa = PBXBuildFile; fileRef = 3A29C3FB1A43479500A99F8F /* AppDelegate.m */; };
		3A29C3FF1A43479500A99F8F /* MyFutureHome.xcdatamodeld in Sources */ = {isa = PBXBuildFile; fileRef = 3A29C3FD1A43479500A99F8F /* MyFutureHome.xcdatamodeld */; };
		3A29C4021A43479500A99F8F /* ViewController.m in Sources */ = {isa = PBXBuildFile; fileRef = 3A29C4011A43479500A99F8F /* ViewController.m */; };
		3A29C4051A43479500A99F8F /* Main.storyboard in Resources */ = {isa = PBXBuildFile; fileRef = 3A29C4031A43479500A99F8F /* Main.storyboard */; };
		3A29C4071A43479500A99F8F /* Images.xcassets in Resources */ = {isa = PBXBuildFile; fileRef = 3A29C4061A43479500A99F8F /* Images.xcassets */; };
		3A29C40A1A43479500A99F8F /* LaunchScreen.xib in Resources */ = {isa = PBXBuildFile; fileRef = 3A29C4081A43479500A99F8F /* LaunchScreen.xib */; };
		3A29C4161A43479500A99F8F /* MyFutureHomeTests.m in Sources */ = {isa = PBXBuildFile; fileRef = 3A29C4151A43479500A99F8F /* MyFutureHomeTests.m */; };
		3A29C4221A43583D00A99F8F /* gitter.png in Resources */ = {isa = PBXBuildFile; fileRef = 3A29C4211A43583D00A99F8F /* gitter.png */; };
		3A892A451A5C3DB300370BC8 /* FacebookSDK.framework in Frameworks */ = {isa = PBXBuildFile; fileRef = 3A892A441A5C3DB300370BC8 /* FacebookSDK.framework */; };
		3A892A4F1A5C48E000370BC8 /* FBLogin.m in Sources */ = {isa = PBXBuildFile; fileRef = 3A892A4E1A5C48E000370BC8 /* FBLogin.m */; };
		3AC3AAA51A76C51600BBB294 /* PGFirstViewController.m in Sources */ = {isa = PBXBuildFile; fileRef = 3AC3AA9E1A76C51600BBB294 /* PGFirstViewController.m */; };
		3AC3AAA61A76C51600BBB294 /* PGSecondViewController.m in Sources */ = {isa = PBXBuildFile; fileRef = 3AC3AAA01A76C51600BBB294 /* PGSecondViewController.m */; };
		3AC3AAA71A76C51600BBB294 /* PGSideDrawerController.m in Sources */ = {isa = PBXBuildFile; fileRef = 3AC3AAA21A76C51600BBB294 /* PGSideDrawerController.m */; };
		3AC3AAA81A76C51600BBB294 /* PGViewController.m in Sources */ = {isa = PBXBuildFile; fileRef = 3AC3AAA41A76C51600BBB294 /* PGViewController.m */; };
		3AE5B9F81A9496BB003863DC /* MFHDataHandler.m in Sources */ = {isa = PBXBuildFile; fileRef = 3AE5B9F71A9496BB003863DC /* MFHDataHandler.m */; };
		3AE5B9FB1A94978E003863DC /* MFHUser.m in Sources */ = {isa = PBXBuildFile; fileRef = 3AE5B9FA1A94978E003863DC /* MFHUser.m */; };
		3AE5B9FF1A949E3B003863DC /* MFHUserSearchProfile.m in Sources */ = {isa = PBXBuildFile; fileRef = 3AE5B9FE1A949E3B003863DC /* MFHUserSearchProfile.m */; };
		3AE5BA021A94A0B5003863DC /* MFHUserSettings.m in Sources */ = {isa = PBXBuildFile; fileRef = 3AE5BA011A94A0B5003863DC /* MFHUserSettings.m */; };
		3AE5BA051A94A1B7003863DC /* MFHAdvert.m in Sources */ = {isa = PBXBuildFile; fileRef = 3AE5BA041A94A1B7003863DC /* MFHAdvert.m */; };
		7DA209B48929F08841F2F990 /* libPods-MyFutureHome.a in Frameworks */ = {isa = PBXBuildFile; fileRef = 864B9D51B8F6B2D7F220C11C /* libPods-MyFutureHome.a */; };
/* End PBXBuildFile section */

/* Begin PBXContainerItemProxy section */
		3A29C4101A43479500A99F8F /* PBXContainerItemProxy */ = {
			isa = PBXContainerItemProxy;
			containerPortal = 3A29C3EB1A43479500A99F8F /* Project object */;
			proxyType = 1;
			remoteGlobalIDString = 3A29C3F21A43479500A99F8F;
			remoteInfo = MyFutureHome;
		};
/* End PBXContainerItemProxy section */

/* Begin PBXFileReference section */
		2DCD16A2FFE20450CE928B85 /* Pods-MyFutureHome.release.xcconfig */ = {isa = PBXFileReference; includeInIndex = 1; lastKnownFileType = text.xcconfig; name = "Pods-MyFutureHome.release.xcconfig"; path = "Pods/Target Support Files/Pods-MyFutureHome/Pods-MyFutureHome.release.xcconfig"; sourceTree = "<group>"; };
		3A29C3F31A43479500A99F8F /* MyFutureHome.app */ = {isa = PBXFileReference; explicitFileType = wrapper.application; includeInIndex = 0; path = MyFutureHome.app; sourceTree = BUILT_PRODUCTS_DIR; };
		3A29C3F71A43479500A99F8F /* Info.plist */ = {isa = PBXFileReference; lastKnownFileType = text.plist.xml; path = Info.plist; sourceTree = "<group>"; };
		3A29C3F81A43479500A99F8F /* main.m */ = {isa = PBXFileReference; lastKnownFileType = sourcecode.c.objc; path = main.m; sourceTree = "<group>"; };
		3A29C3FA1A43479500A99F8F /* AppDelegate.h */ = {isa = PBXFileReference; lastKnownFileType = sourcecode.c.h; path = AppDelegate.h; sourceTree = "<group>"; };
		3A29C3FB1A43479500A99F8F /* AppDelegate.m */ = {isa = PBXFileReference; lastKnownFileType = sourcecode.c.objc; path = AppDelegate.m; sourceTree = "<group>"; };
		3A29C3FE1A43479500A99F8F /* MyFutureHome.xcdatamodel */ = {isa = PBXFileReference; lastKnownFileType = wrapper.xcdatamodel; path = MyFutureHome.xcdatamodel; sourceTree = "<group>"; };
		3A29C4001A43479500A99F8F /* ViewController.h */ = {isa = PBXFileReference; lastKnownFileType = sourcecode.c.h; path = ViewController.h; sourceTree = "<group>"; };
		3A29C4011A43479500A99F8F /* ViewController.m */ = {isa = PBXFileReference; lastKnownFileType = sourcecode.c.objc; path = ViewController.m; sourceTree = "<group>"; };
		3A29C4041A43479500A99F8F /* Base */ = {isa = PBXFileReference; lastKnownFileType = file.storyboard; name = Base; path = Base.lproj/Main.storyboard; sourceTree = "<group>"; };
		3A29C4061A43479500A99F8F /* Images.xcassets */ = {isa = PBXFileReference; lastKnownFileType = folder.assetcatalog; path = Images.xcassets; sourceTree = "<group>"; };
		3A29C4091A43479500A99F8F /* Base */ = {isa = PBXFileReference; lastKnownFileType = file.xib; name = Base; path = Base.lproj/LaunchScreen.xib; sourceTree = "<group>"; };
		3A29C40F1A43479500A99F8F /* MyFutureHomeTests.xctest */ = {isa = PBXFileReference; explicitFileType = wrapper.cfbundle; includeInIndex = 0; path = MyFutureHomeTests.xctest; sourceTree = BUILT_PRODUCTS_DIR; };
		3A29C4141A43479500A99F8F /* Info.plist */ = {isa = PBXFileReference; lastKnownFileType = text.plist.xml; path = Info.plist; sourceTree = "<group>"; };
		3A29C4151A43479500A99F8F /* MyFutureHomeTests.m */ = {isa = PBXFileReference; lastKnownFileType = sourcecode.c.objc; path = MyFutureHomeTests.m; sourceTree = "<group>"; };
		3A29C4211A43583D00A99F8F /* gitter.png */ = {isa = PBXFileReference; lastKnownFileType = image.png; path = gitter.png; sourceTree = "<group>"; };
		3A87EB0D1A822F7600E00F90 /* Test.h */ = {isa = PBXFileReference; fileEncoding = 4; lastKnownFileType = sourcecode.c.h; path = Test.h; sourceTree = "<group>"; };
		3A87EB1F1A82315600E00F90 /* MFHJSONResponse.h */ = {isa = PBXFileReference; fileEncoding = 4; lastKnownFileType = sourcecode.c.h; path = MFHJSONResponse.h; sourceTree = "<group>"; };
		3A892A441A5C3DB300370BC8 /* FacebookSDK.framework */ = {isa = PBXFileReference; lastKnownFileType = wrapper.framework; path = FacebookSDK.framework; sourceTree = "<group>"; };
		3A892A4D1A5C48E000370BC8 /* FBLogin.h */ = {isa = PBXFileReference; fileEncoding = 4; lastKnownFileType = sourcecode.c.h; name = FBLogin.h; path = ../FBLogin.h; sourceTree = "<group>"; };
		3A892A4E1A5C48E000370BC8 /* FBLogin.m */ = {isa = PBXFileReference; fileEncoding = 4; lastKnownFileType = sourcecode.c.objc; name = FBLogin.m; path = ../FBLogin.m; sourceTree = "<group>"; };
		3AC3AA9D1A76C51600BBB294 /* PGFirstViewController.h */ = {isa = PBXFileReference; fileEncoding = 4; lastKnownFileType = sourcecode.c.h; path = PGFirstViewController.h; sourceTree = "<group>"; };
		3AC3AA9E1A76C51600BBB294 /* PGFirstViewController.m */ = {isa = PBXFileReference; fileEncoding = 4; lastKnownFileType = sourcecode.c.objc; path = PGFirstViewController.m; sourceTree = "<group>"; };
		3AC3AA9F1A76C51600BBB294 /* PGSecondViewController.h */ = {isa = PBXFileReference; fileEncoding = 4; lastKnownFileType = sourcecode.c.h; path = PGSecondViewController.h; sourceTree = "<group>"; };
		3AC3AAA01A76C51600BBB294 /* PGSecondViewController.m */ = {isa = PBXFileReference; fileEncoding = 4; lastKnownFileType = sourcecode.c.objc; path = PGSecondViewController.m; sourceTree = "<group>"; };
		3AC3AAA11A76C51600BBB294 /* PGSideDrawerController.h */ = {isa = PBXFileReference; fileEncoding = 4; lastKnownFileType = sourcecode.c.h; path = PGSideDrawerController.h; sourceTree = "<group>"; };
		3AC3AAA21A76C51600BBB294 /* PGSideDrawerController.m */ = {isa = PBXFileReference; fileEncoding = 4; lastKnownFileType = sourcecode.c.objc; path = PGSideDrawerController.m; sourceTree = "<group>"; };
		3AC3AAA31A76C51600BBB294 /* PGViewController.h */ = {isa = PBXFileReference; fileEncoding = 4; lastKnownFileType = sourcecode.c.h; path = PGViewController.h; sourceTree = "<group>"; };
		3AC3AAA41A76C51600BBB294 /* PGViewController.m */ = {isa = PBXFileReference; fileEncoding = 4; lastKnownFileType = sourcecode.c.objc; path = PGViewController.m; sourceTree = "<group>"; };
		3AE5B9F61A9496BB003863DC /* MFHDataHandler.h */ = {isa = PBXFileReference; fileEncoding = 4; lastKnownFileType = sourcecode.c.h; path = MFHDataHandler.h; sourceTree = "<group>"; };
		3AE5B9F71A9496BB003863DC /* MFHDataHandler.m */ = {isa = PBXFileReference; fileEncoding = 4; lastKnownFileType = sourcecode.c.objc; path = MFHDataHandler.m; sourceTree = "<group>"; };
		3AE5B9F91A94978E003863DC /* MFHUser.h */ = {isa = PBXFileReference; fileEncoding = 4; lastKnownFileType = sourcecode.c.h; path = MFHUser.h; sourceTree = "<group>"; };
		3AE5B9FA1A94978E003863DC /* MFHUser.m */ = {isa = PBXFileReference; fileEncoding = 4; lastKnownFileType = sourcecode.c.objc; path = MFHUser.m; sourceTree = "<group>"; };
		3AE5B9FD1A949E3B003863DC /* MFHUserSearchProfile.h */ = {isa = PBXFileReference; fileEncoding = 4; lastKnownFileType = sourcecode.c.h; path = MFHUserSearchProfile.h; sourceTree = "<group>"; };
		3AE5B9FE1A949E3B003863DC /* MFHUserSearchProfile.m */ = {isa = PBXFileReference; fileEncoding = 4; lastKnownFileType = sourcecode.c.objc; path = MFHUserSearchProfile.m; sourceTree = "<group>"; };
		3AE5BA001A94A0B5003863DC /* MFHUserSettings.h */ = {isa = PBXFileReference; fileEncoding = 4; lastKnownFileType = sourcecode.c.h; path = MFHUserSettings.h; sourceTree = "<group>"; };
		3AE5BA011A94A0B5003863DC /* MFHUserSettings.m */ = {isa = PBXFileReference; fileEncoding = 4; lastKnownFileType = sourcecode.c.objc; path = MFHUserSettings.m; sourceTree = "<group>"; };
		3AE5BA031A94A1B7003863DC /* MFHAdvert.h */ = {isa = PBXFileReference; fileEncoding = 4; lastKnownFileType = sourcecode.c.h; path = MFHAdvert.h; sourceTree = "<group>"; };
		3AE5BA041A94A1B7003863DC /* MFHAdvert.m */ = {isa = PBXFileReference; fileEncoding = 4; lastKnownFileType = sourcecode.c.objc; path = MFHAdvert.m; sourceTree = "<group>"; };
		864B9D51B8F6B2D7F220C11C /* libPods-MyFutureHome.a */ = {isa = PBXFileReference; explicitFileType = archive.ar; includeInIndex = 0; path = "libPods-MyFutureHome.a"; sourceTree = BUILT_PRODUCTS_DIR; };
		B5851EBF0CF9D026525C34C4 /* Pods-MyFutureHome.debug.xcconfig */ = {isa = PBXFileReference; includeInIndex = 1; lastKnownFileType = text.xcconfig; name = "Pods-MyFutureHome.debug.xcconfig"; path = "Pods/Target Support Files/Pods-MyFutureHome/Pods-MyFutureHome.debug.xcconfig"; sourceTree = "<group>"; };
/* End PBXFileReference section */

/* Begin PBXFrameworksBuildPhase section */
		3A29C3F01A43479500A99F8F /* Frameworks */ = {
			isa = PBXFrameworksBuildPhase;
			buildActionMask = 2147483647;
			files = (
				3A892A451A5C3DB300370BC8 /* FacebookSDK.framework in Frameworks */,
				7DA209B48929F08841F2F990 /* libPods-MyFutureHome.a in Frameworks */,
			);
			runOnlyForDeploymentPostprocessing = 0;
		};
		3A29C40C1A43479500A99F8F /* Frameworks */ = {
			isa = PBXFrameworksBuildPhase;
			buildActionMask = 2147483647;
			files = (
			);
			runOnlyForDeploymentPostprocessing = 0;
		};
/* End PBXFrameworksBuildPhase section */

/* Begin PBXGroup section */
		3A29C3EA1A43479500A99F8F = {
			isa = PBXGroup;
			children = (
				3A87EB0D1A822F7600E00F90 /* Test.h */,
				3A892A461A5C3DDE00370BC8 /* Frameworks */,
				3A29C3F51A43479500A99F8F /* MyFutureHome */,
				3A29C4121A43479500A99F8F /* MyFutureHomeTests */,
				3A29C3F41A43479500A99F8F /* Products */,
				E6BD28091A5E8DA0BF9F07C9 /* Pods */,
			);
			sourceTree = "<group>";
		};
		3A29C3F41A43479500A99F8F /* Products */ = {
			isa = PBXGroup;
			children = (
				3A29C3F31A43479500A99F8F /* MyFutureHome.app */,
				3A29C40F1A43479500A99F8F /* MyFutureHomeTests.xctest */,
			);
			name = Products;
			sourceTree = "<group>";
		};
		3A29C3F51A43479500A99F8F /* MyFutureHome */ = {
			isa = PBXGroup;
			children = (
				3AE5B9FC1A949799003863DC /* MFH */,
				3AC3AA9C1A76C51600BBB294 /* Controllers */,
				3A892A4D1A5C48E000370BC8 /* FBLogin.h */,
				3A892A4E1A5C48E000370BC8 /* FBLogin.m */,
				3A29C3FA1A43479500A99F8F /* AppDelegate.h */,
				3A29C3FB1A43479500A99F8F /* AppDelegate.m */,
				3A29C4001A43479500A99F8F /* ViewController.h */,
				3A29C4011A43479500A99F8F /* ViewController.m */,
				3A29C4031A43479500A99F8F /* Main.storyboard */,
				3A29C4061A43479500A99F8F /* Images.xcassets */,
				3A29C4081A43479500A99F8F /* LaunchScreen.xib */,
				3A29C3FD1A43479500A99F8F /* MyFutureHome.xcdatamodeld */,
				3A29C4211A43583D00A99F8F /* gitter.png */,
				3A29C3F61A43479500A99F8F /* Supporting Files */,
			);
			path = MyFutureHome;
			sourceTree = "<group>";
		};
		3A29C3F61A43479500A99F8F /* Supporting Files */ = {
			isa = PBXGroup;
			children = (
				3A29C3F71A43479500A99F8F /* Info.plist */,
				3A29C3F81A43479500A99F8F /* main.m */,
			);
			name = "Supporting Files";
			sourceTree = "<group>";
		};
		3A29C4121A43479500A99F8F /* MyFutureHomeTests */ = {
			isa = PBXGroup;
			children = (
				3A29C4151A43479500A99F8F /* MyFutureHomeTests.m */,
				3A29C4131A43479500A99F8F /* Supporting Files */,
			);
			path = MyFutureHomeTests;
			sourceTree = "<group>";
		};
		3A29C4131A43479500A99F8F /* Supporting Files */ = {
			isa = PBXGroup;
			children = (
				3A29C4141A43479500A99F8F /* Info.plist */,
			);
			name = "Supporting Files";
			sourceTree = "<group>";
		};
		3A892A461A5C3DDE00370BC8 /* Frameworks */ = {
			isa = PBXGroup;
			children = (
				3A892A441A5C3DB300370BC8 /* FacebookSDK.framework */,
				864B9D51B8F6B2D7F220C11C /* libPods-MyFutureHome.a */,
			);
			name = Frameworks;
			sourceTree = "<group>";
		};
		3AC3AA9C1A76C51600BBB294 /* Controllers */ = {
			isa = PBXGroup;
			children = (
				3AC3AA9D1A76C51600BBB294 /* PGFirstViewController.h */,
				3AC3AA9E1A76C51600BBB294 /* PGFirstViewController.m */,
				3AC3AA9F1A76C51600BBB294 /* PGSecondViewController.h */,
				3AC3AAA01A76C51600BBB294 /* PGSecondViewController.m */,
				3AC3AAA11A76C51600BBB294 /* PGSideDrawerController.h */,
				3AC3AAA21A76C51600BBB294 /* PGSideDrawerController.m */,
				3AC3AAA31A76C51600BBB294 /* PGViewController.h */,
				3AC3AAA41A76C51600BBB294 /* PGViewController.m */,
			);
			name = Controllers;
			path = ../Controllers;
			sourceTree = "<group>";
		};
		3AE5B9FC1A949799003863DC /* MFH */ = {
			isa = PBXGroup;
			children = (
				3A87EB1F1A82315600E00F90 /* MFHJSONResponse.h */,
				3AE5B9FD1A949E3B003863DC /* MFHUserSearchProfile.h */,
				3AE5B9FE1A949E3B003863DC /* MFHUserSearchProfile.m */,
				3AE5B9F91A94978E003863DC /* MFHUser.h */,
				3AE5B9FA1A94978E003863DC /* MFHUser.m */,
				3AE5BA001A94A0B5003863DC /* MFHUserSettings.h */,
				3AE5BA011A94A0B5003863DC /* MFHUserSettings.m */,
				3AE5B9F61A9496BB003863DC /* MFHDataHandler.h */,
				3AE5B9F71A9496BB003863DC /* MFHDataHandler.m */,
				3AE5BA031A94A1B7003863DC /* MFHAdvert.h */,
				3AE5BA041A94A1B7003863DC /* MFHAdvert.m */,
			);
			name = MFH;
			sourceTree = "<group>";
		};
		E6BD28091A5E8DA0BF9F07C9 /* Pods */ = {
			isa = PBXGroup;
			children = (
				B5851EBF0CF9D026525C34C4 /* Pods-MyFutureHome.debug.xcconfig */,
				2DCD16A2FFE20450CE928B85 /* Pods-MyFutureHome.release.xcconfig */,
			);
			name = Pods;
			sourceTree = "<group>";
		};
/* End PBXGroup section */

/* Begin PBXNativeTarget section */
		3A29C3F21A43479500A99F8F /* MyFutureHome */ = {
			isa = PBXNativeTarget;
			buildConfigurationList = 3A29C4191A43479500A99F8F /* Build configuration list for PBXNativeTarget "MyFutureHome" */;
			buildPhases = (
				477AE74CE00C217B0472B44F /* Check Pods Manifest.lock */,
				3A29C3EF1A43479500A99F8F /* Sources */,
				3A29C3F01A43479500A99F8F /* Frameworks */,
				3A29C3F11A43479500A99F8F /* Resources */,
				C0BE392C295A983542A89302 /* Copy Pods Resources */,
			);
			buildRules = (
			);
			dependencies = (
			);
			name = MyFutureHome;
			productName = MyFutureHome;
			productReference = 3A29C3F31A43479500A99F8F /* MyFutureHome.app */;
			productType = "com.apple.product-type.application";
		};
		3A29C40E1A43479500A99F8F /* MyFutureHomeTests */ = {
			isa = PBXNativeTarget;
			buildConfigurationList = 3A29C41C1A43479500A99F8F /* Build configuration list for PBXNativeTarget "MyFutureHomeTests" */;
			buildPhases = (
				3A29C40B1A43479500A99F8F /* Sources */,
				3A29C40C1A43479500A99F8F /* Frameworks */,
				3A29C40D1A43479500A99F8F /* Resources */,
			);
			buildRules = (
			);
			dependencies = (
				3A29C4111A43479500A99F8F /* PBXTargetDependency */,
			);
			name = MyFutureHomeTests;
			productName = MyFutureHomeTests;
			productReference = 3A29C40F1A43479500A99F8F /* MyFutureHomeTests.xctest */;
			productType = "com.apple.product-type.bundle.unit-test";
		};
/* End PBXNativeTarget section */

/* Begin PBXProject section */
		3A29C3EB1A43479500A99F8F /* Project object */ = {
			isa = PBXProject;
			attributes = {
				LastUpgradeCheck = 0610;
				ORGANIZATIONNAME = SI2;
				TargetAttributes = {
					3A29C3F21A43479500A99F8F = {
						CreatedOnToolsVersion = 6.1.1;
					};
					3A29C40E1A43479500A99F8F = {
						CreatedOnToolsVersion = 6.1.1;
						TestTargetID = 3A29C3F21A43479500A99F8F;
					};
				};
			};
			buildConfigurationList = 3A29C3EE1A43479500A99F8F /* Build configuration list for PBXProject "MyFutureHome" */;
			compatibilityVersion = "Xcode 3.2";
			developmentRegion = English;
			hasScannedForEncodings = 0;
			knownRegions = (
				en,
				Base,
			);
			mainGroup = 3A29C3EA1A43479500A99F8F;
			productRefGroup = 3A29C3F41A43479500A99F8F /* Products */;
			projectDirPath = "";
			projectRoot = "";
			targets = (
				3A29C3F21A43479500A99F8F /* MyFutureHome */,
				3A29C40E1A43479500A99F8F /* MyFutureHomeTests */,
			);
		};
/* End PBXProject section */

/* Begin PBXResourcesBuildPhase section */
		3A29C3F11A43479500A99F8F /* Resources */ = {
			isa = PBXResourcesBuildPhase;
			buildActionMask = 2147483647;
			files = (
				3A29C4051A43479500A99F8F /* Main.storyboard in Resources */,
				3A29C40A1A43479500A99F8F /* LaunchScreen.xib in Resources */,
				3A29C4071A43479500A99F8F /* Images.xcassets in Resources */,
				3A29C4221A43583D00A99F8F /* gitter.png in Resources */,
			);
			runOnlyForDeploymentPostprocessing = 0;
		};
		3A29C40D1A43479500A99F8F /* Resources */ = {
			isa = PBXResourcesBuildPhase;
			buildActionMask = 2147483647;
			files = (
			);
			runOnlyForDeploymentPostprocessing = 0;
		};
/* End PBXResourcesBuildPhase section */

/* Begin PBXShellScriptBuildPhase section */
		477AE74CE00C217B0472B44F /* Check Pods Manifest.lock */ = {
			isa = PBXShellScriptBuildPhase;
			buildActionMask = 2147483647;
			files = (
			);
			inputPaths = (
			);
			name = "Check Pods Manifest.lock";
			outputPaths = (
			);
			runOnlyForDeploymentPostprocessing = 0;
			shellPath = /bin/sh;
			shellScript = "diff \"${PODS_ROOT}/../Podfile.lock\" \"${PODS_ROOT}/Manifest.lock\" > /dev/null\nif [[ $? != 0 ]] ; then\n    cat << EOM\nerror: The sandbox is not in sync with the Podfile.lock. Run 'pod install' or update your CocoaPods installation.\nEOM\n    exit 1\nfi\n";
			showEnvVarsInLog = 0;
		};
		C0BE392C295A983542A89302 /* Copy Pods Resources */ = {
			isa = PBXShellScriptBuildPhase;
			buildActionMask = 2147483647;
			files = (
			);
			inputPaths = (
			);
			name = "Copy Pods Resources";
			outputPaths = (
			);
			runOnlyForDeploymentPostprocessing = 0;
			shellPath = /bin/sh;
			shellScript = "\"${SRCROOT}/Pods/Target Support Files/Pods-MyFutureHome/Pods-MyFutureHome-resources.sh\"\n";
			showEnvVarsInLog = 0;
		};
/* End PBXShellScriptBuildPhase section */

/* Begin PBXSourcesBuildPhase section */
		3A29C3EF1A43479500A99F8F /* Sources */ = {
			isa = PBXSourcesBuildPhase;
			buildActionMask = 2147483647;
			files = (
				3AC3AAA71A76C51600BBB294 /* PGSideDrawerController.m in Sources */,
				3AC3AAA51A76C51600BBB294 /* PGFirstViewController.m in Sources */,
				3A29C3FC1A43479500A99F8F /* AppDelegate.m in Sources */,
				3AE5B9FF1A949E3B003863DC /* MFHUserSearchProfile.m in Sources */,
				3AE5BA051A94A1B7003863DC /* MFHAdvert.m in Sources */,
				3AE5B9FB1A94978E003863DC /* MFHUser.m in Sources */,
				3AE5BA021A94A0B5003863DC /* MFHUserSettings.m in Sources */,
				3A29C3F91A43479500A99F8F /* main.m in Sources */,
				3AC3AAA81A76C51600BBB294 /* PGViewController.m in Sources */,
				3AC3AAA61A76C51600BBB294 /* PGSecondViewController.m in Sources */,
				3A29C4021A43479500A99F8F /* ViewController.m in Sources */,
				3A29C3FF1A43479500A99F8F /* MyFutureHome.xcdatamodeld in Sources */,
				3AE5B9F81A9496BB003863DC /* MFHDataHandler.m in Sources */,
				3A892A4F1A5C48E000370BC8 /* FBLogin.m in Sources */,
			);
			runOnlyForDeploymentPostprocessing = 0;
		};
		3A29C40B1A43479500A99F8F /* Sources */ = {
			isa = PBXSourcesBuildPhase;
			buildActionMask = 2147483647;
			files = (
				3A29C4161A43479500A99F8F /* MyFutureHomeTests.m in Sources */,
			);
			runOnlyForDeploymentPostprocessing = 0;
		};
/* End PBXSourcesBuildPhase section */

/* Begin PBXTargetDependency section */
		3A29C4111A43479500A99F8F /* PBXTargetDependency */ = {
			isa = PBXTargetDependency;
			target = 3A29C3F21A43479500A99F8F /* MyFutureHome */;
			targetProxy = 3A29C4101A43479500A99F8F /* PBXContainerItemProxy */;
		};
/* End PBXTargetDependency section */

/* Begin PBXVariantGroup section */
		3A29C4031A43479500A99F8F /* Main.storyboard */ = {
			isa = PBXVariantGroup;
			children = (
				3A29C4041A43479500A99F8F /* Base */,
			);
			name = Main.storyboard;
			sourceTree = "<group>";
		};
		3A29C4081A43479500A99F8F /* LaunchScreen.xib */ = {
			isa = PBXVariantGroup;
			children = (
				3A29C4091A43479500A99F8F /* Base */,
			);
			name = LaunchScreen.xib;
			sourceTree = "<group>";
		};
/* End PBXVariantGroup section */

/* Begin XCBuildConfiguration section */
		3A29C4171A43479500A99F8F /* Debug */ = {
			isa = XCBuildConfiguration;
			buildSettings = {
				ALWAYS_SEARCH_USER_PATHS = NO;
				CLANG_CXX_LANGUAGE_STANDARD = "gnu++0x";
				CLANG_CXX_LIBRARY = "libc++";
				CLANG_ENABLE_MODULES = YES;
				CLANG_ENABLE_OBJC_ARC = YES;
				CLANG_WARN_BOOL_CONVERSION = YES;
				CLANG_WARN_CONSTANT_CONVERSION = YES;
				CLANG_WARN_DIRECT_OBJC_ISA_USAGE = YES_ERROR;
				CLANG_WARN_EMPTY_BODY = YES;
				CLANG_WARN_ENUM_CONVERSION = YES;
				CLANG_WARN_INT_CONVERSION = YES;
				CLANG_WARN_OBJC_ROOT_CLASS = YES_ERROR;
				CLANG_WARN_UNREACHABLE_CODE = YES;
				CLANG_WARN__DUPLICATE_METHOD_MATCH = YES;
				"CODE_SIGN_IDENTITY[sdk=iphoneos*]" = "iPhone Developer";
				COPY_PHASE_STRIP = NO;
				ENABLE_STRICT_OBJC_MSGSEND = YES;
				GCC_C_LANGUAGE_STANDARD = gnu99;
				GCC_DYNAMIC_NO_PIC = NO;
				GCC_OPTIMIZATION_LEVEL = 0;
				GCC_PREPROCESSOR_DEFINITIONS = (
					"DEBUG=1",
					"$(inherited)",
				);
				GCC_SYMBOLS_PRIVATE_EXTERN = NO;
				GCC_WARN_64_TO_32_BIT_CONVERSION = YES;
				GCC_WARN_ABOUT_RETURN_TYPE = YES_ERROR;
				GCC_WARN_UNDECLARED_SELECTOR = YES;
				GCC_WARN_UNINITIALIZED_AUTOS = YES_AGGRESSIVE;
				GCC_WARN_UNUSED_FUNCTION = YES;
				GCC_WARN_UNUSED_VARIABLE = YES;
				IPHONEOS_DEPLOYMENT_TARGET = 8.1;
				MTL_ENABLE_DEBUG_INFO = YES;
				ONLY_ACTIVE_ARCH = YES;
				SDKROOT = iphoneos;
			};
			name = Debug;
		};
		3A29C4181A43479500A99F8F /* Release */ = {
			isa = XCBuildConfiguration;
			buildSettings = {
				ALWAYS_SEARCH_USER_PATHS = NO;
				CLANG_CXX_LANGUAGE_STANDARD = "gnu++0x";
				CLANG_CXX_LIBRARY = "libc++";
				CLANG_ENABLE_MODULES = YES;
				CLANG_ENABLE_OBJC_ARC = YES;
				CLANG_WARN_BOOL_CONVERSION = YES;
				CLANG_WARN_CONSTANT_CONVERSION = YES;
				CLANG_WARN_DIRECT_OBJC_ISA_USAGE = YES_ERROR;
				CLANG_WARN_EMPTY_BODY = YES;
				CLANG_WARN_ENUM_CONVERSION = YES;
				CLANG_WARN_INT_CONVERSION = YES;
				CLANG_WARN_OBJC_ROOT_CLASS = YES_ERROR;
				CLANG_WARN_UNREACHABLE_CODE = YES;
				CLANG_WARN__DUPLICATE_METHOD_MATCH = YES;
				"CODE_SIGN_IDENTITY[sdk=iphoneos*]" = "iPhone Developer";
				COPY_PHASE_STRIP = YES;
				ENABLE_NS_ASSERTIONS = NO;
				ENABLE_STRICT_OBJC_MSGSEND = YES;
				GCC_C_LANGUAGE_STANDARD = gnu99;
				GCC_WARN_64_TO_32_BIT_CONVERSION = YES;
				GCC_WARN_ABOUT_RETURN_TYPE = YES_ERROR;
				GCC_WARN_UNDECLARED_SELECTOR = YES;
				GCC_WARN_UNINITIALIZED_AUTOS = YES_AGGRESSIVE;
				GCC_WARN_UNUSED_FUNCTION = YES;
				GCC_WARN_UNUSED_VARIABLE = YES;
				IPHONEOS_DEPLOYMENT_TARGET = 8.1;
				MTL_ENABLE_DEBUG_INFO = NO;
				SDKROOT = iphoneos;
				VALIDATE_PRODUCT = YES;
			};
			name = Release;
		};
		3A29C41A1A43479500A99F8F /* Debug */ = {
			isa = XCBuildConfiguration;
			baseConfigurationReference = B5851EBF0CF9D026525C34C4 /* Pods-MyFutureHome.debug.xcconfig */;
			buildSettings = {
				ASSETCATALOG_COMPILER_APPICON_NAME = AppIcon;
				FRAMEWORK_SEARCH_PATHS = (
					"$(inherited)",
					"$(PROJECT_DIR)",
				);
				INFOPLIST_FILE = MyFutureHome/Info.plist;
				LD_RUNPATH_SEARCH_PATHS = "$(inherited) @executable_path/Frameworks";
				PRODUCT_NAME = "$(TARGET_NAME)";
			};
			name = Debug;
		};
		3A29C41B1A43479500A99F8F /* Release */ = {
			isa = XCBuildConfiguration;
			baseConfigurationReference = 2DCD16A2FFE20450CE928B85 /* Pods-MyFutureHome.release.xcconfig */;
			buildSettings = {
				ASSETCATALOG_COMPILER_APPICON_NAME = AppIcon;
				FRAMEWORK_SEARCH_PATHS = (
					"$(inherited)",
					"$(PROJECT_DIR)",
				);
				INFOPLIST_FILE = MyFutureHome/Info.plist;
				LD_RUNPATH_SEARCH_PATHS = "$(inherited) @executable_path/Frameworks";
				PRODUCT_NAME = "$(TARGET_NAME)";
			};
			name = Release;
		};
		3A29C41D1A43479500A99F8F /* Debug */ = {
			isa = XCBuildConfiguration;
			buildSettings = {
				BUNDLE_LOADER = "$(TEST_HOST)";
				FRAMEWORK_SEARCH_PATHS = (
					"$(SDKROOT)/Developer/Library/Frameworks",
					"$(inherited)",
				);
				GCC_PREPROCESSOR_DEFINITIONS = (
					"DEBUG=1",
					"$(inherited)",
				);
				INFOPLIST_FILE = MyFutureHomeTests/Info.plist;
				LD_RUNPATH_SEARCH_PATHS = "$(inherited) @executable_path/Frameworks @loader_path/Frameworks";
				PRODUCT_NAME = "$(TARGET_NAME)";
				TEST_HOST = "$(BUILT_PRODUCTS_DIR)/MyFutureHome.app/MyFutureHome";
			};
			name = Debug;
		};
		3A29C41E1A43479500A99F8F /* Release */ = {
			isa = XCBuildConfiguration;
			buildSettings = {
				BUNDLE_LOADER = "$(TEST_HOST)";
				FRAMEWORK_SEARCH_PATHS = (
					"$(SDKROOT)/Developer/Library/Frameworks",
					"$(inherited)",
				);
				INFOPLIST_FILE = MyFutureHomeTests/Info.plist;
				LD_RUNPATH_SEARCH_PATHS = "$(inherited) @executable_path/Frameworks @loader_path/Frameworks";
				PRODUCT_NAME = "$(TARGET_NAME)";
				TEST_HOST = "$(BUILT_PRODUCTS_DIR)/MyFutureHome.app/MyFutureHome";
			};
			name = Release;
		};
/* End XCBuildConfiguration section */

/* Begin XCConfigurationList section */
		3A29C3EE1A43479500A99F8F /* Build configuration list for PBXProject "MyFutureHome" */ = {
			isa = XCConfigurationList;
			buildConfigurations = (
				3A29C4171A43479500A99F8F /* Debug */,
				3A29C4181A43479500A99F8F /* Release */,
			);
			defaultConfigurationIsVisible = 0;
			defaultConfigurationName = Release;
		};
		3A29C4191A43479500A99F8F /* Build configuration list for PBXNativeTarget "MyFutureHome" */ = {
			isa = XCConfigurationList;
			buildConfigurations = (
				3A29C41A1A43479500A99F8F /* Debug */,
				3A29C41B1A43479500A99F8F /* Release */,
			);
			defaultConfigurationIsVisible = 0;
			defaultConfigurationName = Release;
		};
		3A29C41C1A43479500A99F8F /* Build configuration list for PBXNativeTarget "MyFutureHomeTests" */ = {
			isa = XCConfigurationList;
			buildConfigurations = (
				3A29C41D1A43479500A99F8F /* Debug */,
				3A29C41E1A43479500A99F8F /* Release */,
			);
			defaultConfigurationIsVisible = 0;
			defaultConfigurationName = Release;
		};
/* End XCConfigurationList section */

/* Begin XCVersionGroup section */
		3A29C3FD1A43479500A99F8F /* MyFutureHome.xcdatamodeld */ = {
			isa = XCVersionGroup;
			children = (
				3A29C3FE1A43479500A99F8F /* MyFutureHome.xcdatamodel */,
			);
			currentVersion = 3A29C3FE1A43479500A99F8F /* MyFutureHome.xcdatamodel */;
			path = MyFutureHome.xcdatamodeld;
			sourceTree = "<group>";
			versionGroupType = wrapper.xcdatamodel;
		};
/* End XCVersionGroup section */
	};
	rootObject = 3A29C3EB1A43479500A99F8F /* Project object */;
}
